
Microsoft Visual Studio Solution File, Format Version 12.00
# Visual Studio 2012
Project("{2150E333-8FDC-42A3-9474-1A3956D46DE8}") = "Solution Items", "Solution Items", "{B35A2E31-8C52-4F45-967B-11BA4F277F33}"
	ProjectSection(SolutionItems) = preProject
		build.cmd = build.cmd
		buildw.cmd = buildw.cmd
		COPYING.txt = COPYING.txt
		pkg\morelinq.nuspec = pkg\morelinq.nuspec
		pack.cmd = pack.cmd
		packw.cmd = packw.cmd
	EndProjectSection
EndProject
Project("{FAE04EC0-301F-11D3-BF4B-00C04F79EFBC}") = "MoreLinq.Silverlight", "MoreLinq.Silverlight\MoreLinq.Silverlight.csproj", "{A1FC2FCD-4744-46F3-96A4-D72C7C20C0C7}"
EndProject
Project("{2150E333-8FDC-42A3-9474-1A3956D46DE8}") = "Nuspecs", "Nuspecs", "{AA60FB03-AD39-4FB6-90DF-BCA3B77BAB1E}"
	ProjectSection(SolutionItems) = preProject
		pkg\morelinq.nuspec = pkg\morelinq.nuspec
		pkg\MoreLinq.Source.MoreEnumerable.Acquire.nuspec = pkg\MoreLinq.Source.MoreEnumerable.Acquire.nuspec
		pkg\MoreLinq.Source.MoreEnumerable.AssertCount.nuspec = pkg\MoreLinq.Source.MoreEnumerable.AssertCount.nuspec
		pkg\MoreLinq.Source.MoreEnumerable.Batch.nuspec = pkg\MoreLinq.Source.MoreEnumerable.Batch.nuspec
		pkg\MoreLinq.Source.MoreEnumerable.Concat.nuspec = pkg\MoreLinq.Source.MoreEnumerable.Concat.nuspec
		pkg\MoreLinq.Source.MoreEnumerable.Consume.nuspec = pkg\MoreLinq.Source.MoreEnumerable.Consume.nuspec
		pkg\MoreLinq.Source.MoreEnumerable.DistinctBy.nuspec = pkg\MoreLinq.Source.MoreEnumerable.DistinctBy.nuspec
		pkg\MoreLinq.Source.MoreEnumerable.EquiZip.nuspec = pkg\MoreLinq.Source.MoreEnumerable.EquiZip.nuspec
		pkg\MoreLinq.Source.MoreEnumerable.ExceptBy.nuspec = pkg\MoreLinq.Source.MoreEnumerable.ExceptBy.nuspec
		pkg\MoreLinq.Source.MoreEnumerable.Fold.nuspec = pkg\MoreLinq.Source.MoreEnumerable.Fold.nuspec
		pkg\MoreLinq.Source.MoreEnumerable.ForEach.nuspec = pkg\MoreLinq.Source.MoreEnumerable.ForEach.nuspec
		pkg\MoreLinq.Source.MoreEnumerable.Generate.nuspec = pkg\MoreLinq.Source.MoreEnumerable.Generate.nuspec
		pkg\MoreLinq.Source.MoreEnumerable.GenerateByIndex.nuspec = pkg\MoreLinq.Source.MoreEnumerable.GenerateByIndex.nuspec
		pkg\MoreLinq.Source.MoreEnumerable.GroupAdjacent.nuspec = pkg\MoreLinq.Source.MoreEnumerable.GroupAdjacent.nuspec
		pkg\MoreLinq.Source.MoreEnumerable.Index.nuspec = pkg\MoreLinq.Source.MoreEnumerable.Index.nuspec
		pkg\MoreLinq.Source.MoreEnumerable.MaxBy.nuspec = pkg\MoreLinq.Source.MoreEnumerable.MaxBy.nuspec
		pkg\MoreLinq.Source.MoreEnumerable.MinBy.nuspec = pkg\MoreLinq.Source.MoreEnumerable.MinBy.nuspec
		pkg\MoreLinq.Source.MoreEnumerable.nuspec = pkg\MoreLinq.Source.MoreEnumerable.nuspec
		pkg\MoreLinq.Source.MoreEnumerable.Pad.nuspec = pkg\MoreLinq.Source.MoreEnumerable.Pad.nuspec
		pkg\MoreLinq.Source.MoreEnumerable.Pairwise.nuspec = pkg\MoreLinq.Source.MoreEnumerable.Pairwise.nuspec
		pkg\MoreLinq.Source.MoreEnumerable.Pipe.nuspec = pkg\MoreLinq.Source.MoreEnumerable.Pipe.nuspec
		pkg\MoreLinq.Source.MoreEnumerable.Prepend.nuspec = pkg\MoreLinq.Source.MoreEnumerable.Prepend.nuspec
		pkg\MoreLinq.Source.MoreEnumerable.PreScan.nuspec = pkg\MoreLinq.Source.MoreEnumerable.PreScan.nuspec
		pkg\MoreLinq.Source.MoreEnumerable.Scan.nuspec = pkg\MoreLinq.Source.MoreEnumerable.Scan.nuspec
		pkg\MoreLinq.Source.MoreEnumerable.SingleOrFallback.nuspec = pkg\MoreLinq.Source.MoreEnumerable.SingleOrFallback.nuspec
		pkg\MoreLinq.Source.MoreEnumerable.SkipUntil.nuspec = pkg\MoreLinq.Source.MoreEnumerable.SkipUntil.nuspec
		pkg\MoreLinq.Source.MoreEnumerable.Split.nuspec = pkg\MoreLinq.Source.MoreEnumerable.Split.nuspec
		pkg\MoreLinq.Source.MoreEnumerable.TakeEvery.nuspec = pkg\MoreLinq.Source.MoreEnumerable.TakeEvery.nuspec
		pkg\MoreLinq.Source.MoreEnumerable.TakeLast.nuspec = pkg\MoreLinq.Source.MoreEnumerable.TakeLast.nuspec
		pkg\MoreLinq.Source.MoreEnumerable.TakeUntil.nuspec = pkg\MoreLinq.Source.MoreEnumerable.TakeUntil.nuspec
		pkg\MoreLinq.Source.MoreEnumerable.ToDataTable.nuspec = pkg\MoreLinq.Source.MoreEnumerable.ToDataTable.nuspec
		pkg\MoreLinq.Source.MoreEnumerable.ToDelimitedString.nuspec = pkg\MoreLinq.Source.MoreEnumerable.ToDelimitedString.nuspec
		pkg\MoreLinq.Source.MoreEnumerable.ToHashSet.nuspec = pkg\MoreLinq.Source.MoreEnumerable.ToHashSet.nuspec
		pkg\MoreLinq.Source.MoreEnumerable.Trace.nuspec = pkg\MoreLinq.Source.MoreEnumerable.Trace.nuspec
		pkg\MoreLinq.Source.MoreEnumerable.Zip.nuspec = pkg\MoreLinq.Source.MoreEnumerable.Zip.nuspec
		pkg\MoreLinq.Source.MoreEnumerable.ZipLongest.nuspec = pkg\MoreLinq.Source.MoreEnumerable.ZipLongest.nuspec
	EndProjectSection
EndProject
Global
	GlobalSection(SolutionConfigurationPlatforms) = preSolution
		Debug|Any CPU = Debug|Any CPU
		Release|Any CPU = Release|Any CPU
	EndGlobalSection
	GlobalSection(ProjectConfigurationPlatforms) = postSolution
		{A1FC2FCD-4744-46F3-96A4-D72C7C20C0C7}.Debug|Any CPU.ActiveCfg = Debug|Any CPU
		{A1FC2FCD-4744-46F3-96A4-D72C7C20C0C7}.Debug|Any CPU.Build.0 = Debug|Any CPU
		{A1FC2FCD-4744-46F3-96A4-D72C7C20C0C7}.Release|Any CPU.ActiveCfg = Release|Any CPU
		{A1FC2FCD-4744-46F3-96A4-D72C7C20C0C7}.Release|Any CPU.Build.0 = Release|Any CPU
	EndGlobalSection
	GlobalSection(SolutionProperties) = preSolution
		HideSolutionNode = FALSE
	EndGlobalSection
	GlobalSection(ExtensibilityGlobals) = postSolution
		VisualSVNWorkingCopyRoot = 
	EndGlobalSection
EndGlobal
