
Microsoft Visual Studio Solution File, Format Version 12.00
# Visual Studio 2012
Project("{2150E333-8FDC-42A3-9474-1A3956D46DE8}") = "Solution Items", "Solution Items", "{835F8FFA-471F-4322-B721-A897F27872FA}"
	ProjectSection(SolutionItems) = preProject
		build.cmd = build.cmd
		buildw.cmd = buildw.cmd
		COPYING.txt = COPYING.txt
		pkg\morelinq.nuspec = pkg\morelinq.nuspec
		pack.cmd = pack.cmd
		packw.cmd = packw.cmd
	EndProjectSection
EndProject
Project("{FAE04EC0-301F-11D3-BF4B-00C04F79EFBC}") = "MoreLinq", "MoreLinq\MoreLinq.csproj", "{8642E81B-3414-4C13-914F-05A4E600FE49}"
EndProject
Project("{FAE04EC0-301F-11D3-BF4B-00C04F79EFBC}") = "MoreLinq.Test", "MoreLinq.Test\MoreLinq.Test.csproj", "{D89B7AF5-7615-47B7-B894-A722E66DB3D8}"
EndProject
Project("{FAE04EC0-301F-11D3-BF4B-00C04F79EFBC}") = "MoreLinq.Portable", "MoreLinq.Portable\MoreLinq.Portable.csproj", "{56416A5B-2438-4694-9C7F-E2901AC9BAE0}"
EndProject
Global
	GlobalSection(SolutionConfigurationPlatforms) = preSolution
		Debug|Any CPU = Debug|Any CPU
		Release|Any CPU = Release|Any CPU
	EndGlobalSection
	GlobalSection(ProjectConfigurationPlatforms) = postSolution
		{8642E81B-3414-4C13-914F-05A4E600FE49}.Debug|Any CPU.ActiveCfg = Debug|Any CPU
		{8642E81B-3414-4C13-914F-05A4E600FE49}.Debug|Any CPU.Build.0 = Debug|Any CPU
		{8642E81B-3414-4C13-914F-05A4E600FE49}.Release|Any CPU.ActiveCfg = Release|Any CPU
		{8642E81B-3414-4C13-914F-05A4E600FE49}.Release|Any CPU.Build.0 = Release|Any CPU
		{D89B7AF5-7615-47B7-B894-A722E66DB3D8}.Debug|Any CPU.ActiveCfg = Debug|Any CPU
		{D89B7AF5-7615-47B7-B894-A722E66DB3D8}.Debug|Any CPU.Build.0 = Debug|Any CPU
		{D89B7AF5-7615-47B7-B894-A722E66DB3D8}.Release|Any CPU.ActiveCfg = Release|Any CPU
		{D89B7AF5-7615-47B7-B894-A722E66DB3D8}.Release|Any CPU.Build.0 = Release|Any CPU
		{56416A5B-2438-4694-9C7F-E2901AC9BAE0}.Debug|Any CPU.ActiveCfg = Debug|Any CPU
		{56416A5B-2438-4694-9C7F-E2901AC9BAE0}.Debug|Any CPU.Build.0 = Debug|Any CPU
		{56416A5B-2438-4694-9C7F-E2901AC9BAE0}.Release|Any CPU.ActiveCfg = Release|Any CPU
		{56416A5B-2438-4694-9C7F-E2901AC9BAE0}.Release|Any CPU.Build.0 = Release|Any CPU
	EndGlobalSection
	GlobalSection(SolutionProperties) = preSolution
		HideSolutionNode = FALSE
	EndGlobalSection
	GlobalSection(ExtensibilityGlobals) = postSolution
		VisualSVNWorkingCopyRoot = 
	EndGlobalSection
EndGlobal
