
Microsoft Visual Studio Solution File, Format Version 10.00
# Visual Studio 2008
Project("{FAE04EC0-301F-11D3-BF4B-00C04F79EFBC}") = "MoreLinq", "MoreLinq\MoreLinq.csproj", "{8642E81B-3414-4C13-914F-05A4E600FE49}"
EndProject
Project("{FAE04EC0-301F-11D3-BF4B-00C04F79EFBC}") = "MoreLinq.Test", "MoreLinq.Test\MoreLinq.Test.csproj", "{D89B7AF5-7615-47B7-B894-A722E66DB3D8}"
EndProject
Global
	GlobalSection(SolutionConfigurationPlatforms) = preSolution
		Debug|Any CPU = Debug|Any CPU
		Release|Any CPU = Release|Any CPU
	EndGlobalSection
	GlobalSection(ProjectConfigurationPlatforms) = postSolution
		{8642E81B-3414-4C13-914F-05A4E600FE49}.Debug|Any CPU.ActiveCfg = Debug|Any CPU
		{8642E81B-3414-4C13-914F-05A4E600FE49}.Debug|Any CPU.Build.0 = Debug|Any CPU
		{8642E81B-3414-4C13-914F-05A4E600FE49}.Release|Any CPU.ActiveCfg = Release|Any CPU
		{8642E81B-3414-4C13-914F-05A4E600FE49}.Release|Any CPU.Build.0 = Release|Any CPU
		{D89B7AF5-7615-47B7-B894-A722E66DB3D8}.Debug|Any CPU.ActiveCfg = Debug|Any CPU
		{D89B7AF5-7615-47B7-B894-A722E66DB3D8}.Debug|Any CPU.Build.0 = Debug|Any CPU
		{D89B7AF5-7615-47B7-B894-A722E66DB3D8}.Release|Any CPU.ActiveCfg = Release|Any CPU
		{D89B7AF5-7615-47B7-B894-A722E66DB3D8}.Release|Any CPU.Build.0 = Release|Any CPU
	EndGlobalSection
	GlobalSection(SolutionProperties) = preSolution
		HideSolutionNode = FALSE
	EndGlobalSection
	GlobalSection(ExtensibilityGlobals) = postSolution
		VisualSVNWorkingCopyRoot = 
	EndGlobalSection
EndGlobal
